
Microsoft Visual Studio Solution File, Format Version 12.00
# Visual Studio 14
VisualStudioVersion = 14.0.25420.1
MinimumVisualStudioVersion = 10.0.40219.1
Project("{FAE04EC0-301F-11D3-BF4B-00C04F79EFBC}") = "zad1", "zad1\zad1.csproj", "{648C8B89-F295-4BA6-83C3-9BE48569F172}"
EndProject
Project("{FAE04EC0-301F-11D3-BF4B-00C04F79EFBC}") = "zad1Tests1", "zad1Tests1\zad1Tests1.csproj", "{84DB721A-8480-456D-AA99-861B8FC8D6F9}"
EndProject
Project("{FAE04EC0-301F-11D3-BF4B-00C04F79EFBC}") = "zad3_4_5", "zad3_4_5\zad3_4_5.csproj", "{E348F9C7-14AB-4197-9166-6FD32C940D5E}"
EndProject
Project("{FAE04EC0-301F-11D3-BF4B-00C04F79EFBC}") = "zad6", "zad6\zad6.csproj", "{17005998-2100-4935-BA43-658FD07ACBC6}"
EndProject
Project("{FAE04EC0-301F-11D3-BF4B-00C04F79EFBC}") = "zad7_8", "zad7_8\zad7_8.csproj", "{6F20D822-F497-4EA3-A870-3CBA3A2E9DC9}"
EndProject
Global
	GlobalSection(SolutionConfigurationPlatforms) = preSolution
		Debug|Any CPU = Debug|Any CPU
		Release|Any CPU = Release|Any CPU
	EndGlobalSection
	GlobalSection(ProjectConfigurationPlatforms) = postSolution
		{648C8B89-F295-4BA6-83C3-9BE48569F172}.Debug|Any CPU.ActiveCfg = Debug|Any CPU
		{648C8B89-F295-4BA6-83C3-9BE48569F172}.Debug|Any CPU.Build.0 = Debug|Any CPU
		{648C8B89-F295-4BA6-83C3-9BE48569F172}.Release|Any CPU.ActiveCfg = Release|Any CPU
		{648C8B89-F295-4BA6-83C3-9BE48569F172}.Release|Any CPU.Build.0 = Release|Any CPU
		{84DB721A-8480-456D-AA99-861B8FC8D6F9}.Debug|Any CPU.ActiveCfg = Debug|Any CPU
		{84DB721A-8480-456D-AA99-861B8FC8D6F9}.Debug|Any CPU.Build.0 = Debug|Any CPU
		{84DB721A-8480-456D-AA99-861B8FC8D6F9}.Release|Any CPU.ActiveCfg = Release|Any CPU
		{84DB721A-8480-456D-AA99-861B8FC8D6F9}.Release|Any CPU.Build.0 = Release|Any CPU
		{E348F9C7-14AB-4197-9166-6FD32C940D5E}.Debug|Any CPU.ActiveCfg = Debug|Any CPU
		{E348F9C7-14AB-4197-9166-6FD32C940D5E}.Debug|Any CPU.Build.0 = Debug|Any CPU
		{E348F9C7-14AB-4197-9166-6FD32C940D5E}.Release|Any CPU.ActiveCfg = Release|Any CPU
		{E348F9C7-14AB-4197-9166-6FD32C940D5E}.Release|Any CPU.Build.0 = Release|Any CPU
		{17005998-2100-4935-BA43-658FD07ACBC6}.Debug|Any CPU.ActiveCfg = Debug|Any CPU
		{17005998-2100-4935-BA43-658FD07ACBC6}.Debug|Any CPU.Build.0 = Debug|Any CPU
		{17005998-2100-4935-BA43-658FD07ACBC6}.Release|Any CPU.ActiveCfg = Release|Any CPU
		{17005998-2100-4935-BA43-658FD07ACBC6}.Release|Any CPU.Build.0 = Release|Any CPU
		{6F20D822-F497-4EA3-A870-3CBA3A2E9DC9}.Debug|Any CPU.ActiveCfg = Debug|Any CPU
		{6F20D822-F497-4EA3-A870-3CBA3A2E9DC9}.Debug|Any CPU.Build.0 = Debug|Any CPU
		{6F20D822-F497-4EA3-A870-3CBA3A2E9DC9}.Release|Any CPU.ActiveCfg = Release|Any CPU
		{6F20D822-F497-4EA3-A870-3CBA3A2E9DC9}.Release|Any CPU.Build.0 = Release|Any CPU
	EndGlobalSection
	GlobalSection(SolutionProperties) = preSolution
		HideSolutionNode = FALSE
	EndGlobalSection
EndGlobal
